
Microsoft Visual Studio Solution File, Format Version 12.00
# Visual Studio Version 17
VisualStudioVersion = 17.11.35303.130
MinimumVisualStudioVersion = 10.0.40219.1
Project("{2150E333-8FDC-42A3-9474-1A3956D46DE8}") = "01 APIS", "01 APIS", "{15D1F82E-328F-49CA-863E-39F7B43F5BA0}"
EndProject
Project("{2150E333-8FDC-42A3-9474-1A3956D46DE8}") = "02 BUSSNIES", "02 BUSSNIES", "{B8506CAA-FC28-4768-BBB7-405BB17C5043}"
EndProject
Project("{2150E333-8FDC-42A3-9474-1A3956D46DE8}") = "03 SERVICES", "03 SERVICES", "{D549ACCF-3A03-4BCC-AF00-C7599FBB83BC}"
EndProject
Project("{2150E333-8FDC-42A3-9474-1A3956D46DE8}") = "04 REPOSITORY", "04 REPOSITORY", "{4C0FA251-9739-42FF-88A4-D454D65CD74C}"
EndProject
Project("{2150E333-8FDC-42A3-9474-1A3956D46DE8}") = "05 MODELS", "05 MODELS", "{384AF85E-BAE2-4C7C-8156-D169434A3C83}"
EndProject
Project("{2150E333-8FDC-42A3-9474-1A3956D46DE8}") = "06 UTILITARIOS", "06 UTILITARIOS", "{AC050BFD-1B18-4FC3-986B-DD8811755A7F}"
EndProject
Project("{2150E333-8FDC-42A3-9474-1A3956D46DE8}") = "ANOTACIONES", "ANOTACIONES", "{14DAF701-3619-402F-BED8-8E17ABB372F2}"
EndProject
Project("{9A19103F-16F7-4668-BE54-9A1E7A4F7556}") = "CevicheriaAPI", "CevicheriaAPI\CevicheriaAPI.csproj", "{2D8B5F96-6783-47AB-A7C6-5F9025868413}"
EndProject
Project("{9A19103F-16F7-4668-BE54-9A1E7A4F7556}") = "IBussnies", "IBussnies\IBussnies.csproj", "{AF6FB6E5-1EEB-41B7-898A-118A72AFD8C7}"
EndProject
Project("{9A19103F-16F7-4668-BE54-9A1E7A4F7556}") = "IServices", "IServices\IServices.csproj", "{301EBF97-6DE1-4E46-81A7-A5BE19DFB023}"
EndProject
Project("{9A19103F-16F7-4668-BE54-9A1E7A4F7556}") = "Bussnies", "Bussnies\Bussnies.csproj", "{F4F5F026-8303-40CF-9718-2B2B3BAD76A0}"
EndProject
Project("{9A19103F-16F7-4668-BE54-9A1E7A4F7556}") = "Services", "Services\Services.csproj", "{8C6BEEAD-90F6-4E63-9942-9BEAD87D37CD}"
EndProject
Project("{9A19103F-16F7-4668-BE54-9A1E7A4F7556}") = "IRespository", "IRespository\IRespository.csproj", "{79734EFD-CC52-4384-9ABA-B3DFBF57BF0B}"
EndProject
Project("{9A19103F-16F7-4668-BE54-9A1E7A4F7556}") = "Repository", "Repository\Repository.csproj", "{F6074CC7-CFC3-412E-9505-798220AAA924}"
EndProject
Project("{9A19103F-16F7-4668-BE54-9A1E7A4F7556}") = "DBModel", "IModels\DBModel.csproj", "{FD541C45-639A-4C62-AE1F-7CFCA096CBC7}"
EndProject
Project("{9A19103F-16F7-4668-BE54-9A1E7A4F7556}") = "Models", "Models\Models.csproj", "{1E295489-7E5C-4F78-8F86-3D937A3DBB0F}"
EndProject
Project("{9A19103F-16F7-4668-BE54-9A1E7A4F7556}") = "UltilAutomaper", "IUtilitarios\UltilAutomaper.csproj", "{EA592B3F-DAC4-47CB-9F4E-927E9AF55C05}"
EndProject
Project("{9A19103F-16F7-4668-BE54-9A1E7A4F7556}") = "UtilConstants", "UtilConstants\UtilConstants.csproj", "{B76F39F8-F9F6-4985-AEDE-F3B2122125E8}"
EndProject
Project("{9A19103F-16F7-4668-BE54-9A1E7A4F7556}") = "UtilSecurity", "UtilSecurity\UtilSecurity.csproj", "{58644105-AABA-4AB2-B46E-3000058D8651}"
EndProject
Project("{2150E333-8FDC-42A3-9474-1A3956D46DE8}") = "07 GENERACION ARCHIVOS", "07 GENERACION ARCHIVOS", "{690A5404-8596-42BF-A1D1-E5D7923EAE20}"
EndProject
Project("{FAE04EC0-301F-11D3-BF4B-00C04F79EFBC}") = "CommonModel", "CommonModels\CommonModel.csproj", "{146D1022-88C8-40D2-91F8-220DB0E2991E}"
EndProject
Project("{FAE04EC0-301F-11D3-BF4B-00C04F79EFBC}") = "RequestResponseModel", "RequestResponse\RequestResponseModel.csproj", "{9F5CB980-C0E7-40D2-9941-176C579176F0}"
EndProject
Project("{FAE04EC0-301F-11D3-BF4B-00C04F79EFBC}") = "UtilExcel", "UtilExcel\UtilExcel.csproj", "{E1A61341-2889-4323-8159-BA9EA2D7E1F3}"
EndProject
Project("{FAE04EC0-301F-11D3-BF4B-00C04F79EFBC}") = "UtilPdf", "UtilPdf\UtilPdf.csproj", "{C365570D-BAC9-440D-A3F7-21986A85026C}"
EndProject
Global
	GlobalSection(SolutionConfigurationPlatforms) = preSolution
		Debug|Any CPU = Debug|Any CPU
		Release|Any CPU = Release|Any CPU
	EndGlobalSection
	GlobalSection(ProjectConfigurationPlatforms) = postSolution
		{2D8B5F96-6783-47AB-A7C6-5F9025868413}.Debug|Any CPU.ActiveCfg = Debug|Any CPU
		{2D8B5F96-6783-47AB-A7C6-5F9025868413}.Debug|Any CPU.Build.0 = Debug|Any CPU
		{2D8B5F96-6783-47AB-A7C6-5F9025868413}.Release|Any CPU.ActiveCfg = Release|Any CPU
		{2D8B5F96-6783-47AB-A7C6-5F9025868413}.Release|Any CPU.Build.0 = Release|Any CPU
		{AF6FB6E5-1EEB-41B7-898A-118A72AFD8C7}.Debug|Any CPU.ActiveCfg = Debug|Any CPU
		{AF6FB6E5-1EEB-41B7-898A-118A72AFD8C7}.Debug|Any CPU.Build.0 = Debug|Any CPU
		{AF6FB6E5-1EEB-41B7-898A-118A72AFD8C7}.Release|Any CPU.ActiveCfg = Release|Any CPU
		{AF6FB6E5-1EEB-41B7-898A-118A72AFD8C7}.Release|Any CPU.Build.0 = Release|Any CPU
		{301EBF97-6DE1-4E46-81A7-A5BE19DFB023}.Debug|Any CPU.ActiveCfg = Debug|Any CPU
		{301EBF97-6DE1-4E46-81A7-A5BE19DFB023}.Debug|Any CPU.Build.0 = Debug|Any CPU
		{301EBF97-6DE1-4E46-81A7-A5BE19DFB023}.Release|Any CPU.ActiveCfg = Release|Any CPU
		{301EBF97-6DE1-4E46-81A7-A5BE19DFB023}.Release|Any CPU.Build.0 = Release|Any CPU
		{F4F5F026-8303-40CF-9718-2B2B3BAD76A0}.Debug|Any CPU.ActiveCfg = Debug|Any CPU
		{F4F5F026-8303-40CF-9718-2B2B3BAD76A0}.Debug|Any CPU.Build.0 = Debug|Any CPU
		{F4F5F026-8303-40CF-9718-2B2B3BAD76A0}.Release|Any CPU.ActiveCfg = Release|Any CPU
		{F4F5F026-8303-40CF-9718-2B2B3BAD76A0}.Release|Any CPU.Build.0 = Release|Any CPU
		{8C6BEEAD-90F6-4E63-9942-9BEAD87D37CD}.Debug|Any CPU.ActiveCfg = Debug|Any CPU
		{8C6BEEAD-90F6-4E63-9942-9BEAD87D37CD}.Debug|Any CPU.Build.0 = Debug|Any CPU
		{8C6BEEAD-90F6-4E63-9942-9BEAD87D37CD}.Release|Any CPU.ActiveCfg = Release|Any CPU
		{8C6BEEAD-90F6-4E63-9942-9BEAD87D37CD}.Release|Any CPU.Build.0 = Release|Any CPU
		{79734EFD-CC52-4384-9ABA-B3DFBF57BF0B}.Debug|Any CPU.ActiveCfg = Debug|Any CPU
		{79734EFD-CC52-4384-9ABA-B3DFBF57BF0B}.Debug|Any CPU.Build.0 = Debug|Any CPU
		{79734EFD-CC52-4384-9ABA-B3DFBF57BF0B}.Release|Any CPU.ActiveCfg = Release|Any CPU
		{79734EFD-CC52-4384-9ABA-B3DFBF57BF0B}.Release|Any CPU.Build.0 = Release|Any CPU
		{F6074CC7-CFC3-412E-9505-798220AAA924}.Debug|Any CPU.ActiveCfg = Debug|Any CPU
		{F6074CC7-CFC3-412E-9505-798220AAA924}.Debug|Any CPU.Build.0 = Debug|Any CPU
		{F6074CC7-CFC3-412E-9505-798220AAA924}.Release|Any CPU.ActiveCfg = Release|Any CPU
		{F6074CC7-CFC3-412E-9505-798220AAA924}.Release|Any CPU.Build.0 = Release|Any CPU
		{FD541C45-639A-4C62-AE1F-7CFCA096CBC7}.Debug|Any CPU.ActiveCfg = Debug|Any CPU
		{FD541C45-639A-4C62-AE1F-7CFCA096CBC7}.Debug|Any CPU.Build.0 = Debug|Any CPU
		{FD541C45-639A-4C62-AE1F-7CFCA096CBC7}.Release|Any CPU.ActiveCfg = Release|Any CPU
		{FD541C45-639A-4C62-AE1F-7CFCA096CBC7}.Release|Any CPU.Build.0 = Release|Any CPU
		{1E295489-7E5C-4F78-8F86-3D937A3DBB0F}.Debug|Any CPU.ActiveCfg = Debug|Any CPU
		{1E295489-7E5C-4F78-8F86-3D937A3DBB0F}.Debug|Any CPU.Build.0 = Debug|Any CPU
		{1E295489-7E5C-4F78-8F86-3D937A3DBB0F}.Release|Any CPU.ActiveCfg = Release|Any CPU
		{1E295489-7E5C-4F78-8F86-3D937A3DBB0F}.Release|Any CPU.Build.0 = Release|Any CPU
		{EA592B3F-DAC4-47CB-9F4E-927E9AF55C05}.Debug|Any CPU.ActiveCfg = Debug|Any CPU
		{EA592B3F-DAC4-47CB-9F4E-927E9AF55C05}.Debug|Any CPU.Build.0 = Debug|Any CPU
		{EA592B3F-DAC4-47CB-9F4E-927E9AF55C05}.Release|Any CPU.ActiveCfg = Release|Any CPU
		{EA592B3F-DAC4-47CB-9F4E-927E9AF55C05}.Release|Any CPU.Build.0 = Release|Any CPU
		{B76F39F8-F9F6-4985-AEDE-F3B2122125E8}.Debug|Any CPU.ActiveCfg = Debug|Any CPU
		{B76F39F8-F9F6-4985-AEDE-F3B2122125E8}.Debug|Any CPU.Build.0 = Debug|Any CPU
		{B76F39F8-F9F6-4985-AEDE-F3B2122125E8}.Release|Any CPU.ActiveCfg = Release|Any CPU
		{B76F39F8-F9F6-4985-AEDE-F3B2122125E8}.Release|Any CPU.Build.0 = Release|Any CPU
		{58644105-AABA-4AB2-B46E-3000058D8651}.Debug|Any CPU.ActiveCfg = Debug|Any CPU
		{58644105-AABA-4AB2-B46E-3000058D8651}.Debug|Any CPU.Build.0 = Debug|Any CPU
		{58644105-AABA-4AB2-B46E-3000058D8651}.Release|Any CPU.ActiveCfg = Release|Any CPU
		{58644105-AABA-4AB2-B46E-3000058D8651}.Release|Any CPU.Build.0 = Release|Any CPU
		{146D1022-88C8-40D2-91F8-220DB0E2991E}.Debug|Any CPU.ActiveCfg = Debug|Any CPU
		{146D1022-88C8-40D2-91F8-220DB0E2991E}.Debug|Any CPU.Build.0 = Debug|Any CPU
		{146D1022-88C8-40D2-91F8-220DB0E2991E}.Release|Any CPU.ActiveCfg = Release|Any CPU
		{146D1022-88C8-40D2-91F8-220DB0E2991E}.Release|Any CPU.Build.0 = Release|Any CPU
		{9F5CB980-C0E7-40D2-9941-176C579176F0}.Debug|Any CPU.ActiveCfg = Debug|Any CPU
		{9F5CB980-C0E7-40D2-9941-176C579176F0}.Debug|Any CPU.Build.0 = Debug|Any CPU
		{9F5CB980-C0E7-40D2-9941-176C579176F0}.Release|Any CPU.ActiveCfg = Release|Any CPU
		{9F5CB980-C0E7-40D2-9941-176C579176F0}.Release|Any CPU.Build.0 = Release|Any CPU
		{E1A61341-2889-4323-8159-BA9EA2D7E1F3}.Debug|Any CPU.ActiveCfg = Debug|Any CPU
		{E1A61341-2889-4323-8159-BA9EA2D7E1F3}.Debug|Any CPU.Build.0 = Debug|Any CPU
		{E1A61341-2889-4323-8159-BA9EA2D7E1F3}.Release|Any CPU.ActiveCfg = Release|Any CPU
		{E1A61341-2889-4323-8159-BA9EA2D7E1F3}.Release|Any CPU.Build.0 = Release|Any CPU
		{C365570D-BAC9-440D-A3F7-21986A85026C}.Debug|Any CPU.ActiveCfg = Debug|Any CPU
		{C365570D-BAC9-440D-A3F7-21986A85026C}.Debug|Any CPU.Build.0 = Debug|Any CPU
		{C365570D-BAC9-440D-A3F7-21986A85026C}.Release|Any CPU.ActiveCfg = Release|Any CPU
		{C365570D-BAC9-440D-A3F7-21986A85026C}.Release|Any CPU.Build.0 = Release|Any CPU
	EndGlobalSection
	GlobalSection(SolutionProperties) = preSolution
		HideSolutionNode = FALSE
	EndGlobalSection
	GlobalSection(NestedProjects) = preSolution
		{2D8B5F96-6783-47AB-A7C6-5F9025868413} = {15D1F82E-328F-49CA-863E-39F7B43F5BA0}
		{AF6FB6E5-1EEB-41B7-898A-118A72AFD8C7} = {B8506CAA-FC28-4768-BBB7-405BB17C5043}
		{301EBF97-6DE1-4E46-81A7-A5BE19DFB023} = {D549ACCF-3A03-4BCC-AF00-C7599FBB83BC}
		{F4F5F026-8303-40CF-9718-2B2B3BAD76A0} = {B8506CAA-FC28-4768-BBB7-405BB17C5043}
		{8C6BEEAD-90F6-4E63-9942-9BEAD87D37CD} = {D549ACCF-3A03-4BCC-AF00-C7599FBB83BC}
		{79734EFD-CC52-4384-9ABA-B3DFBF57BF0B} = {4C0FA251-9739-42FF-88A4-D454D65CD74C}
		{F6074CC7-CFC3-412E-9505-798220AAA924} = {4C0FA251-9739-42FF-88A4-D454D65CD74C}
		{FD541C45-639A-4C62-AE1F-7CFCA096CBC7} = {384AF85E-BAE2-4C7C-8156-D169434A3C83}
		{1E295489-7E5C-4F78-8F86-3D937A3DBB0F} = {384AF85E-BAE2-4C7C-8156-D169434A3C83}
		{EA592B3F-DAC4-47CB-9F4E-927E9AF55C05} = {AC050BFD-1B18-4FC3-986B-DD8811755A7F}
		{B76F39F8-F9F6-4985-AEDE-F3B2122125E8} = {AC050BFD-1B18-4FC3-986B-DD8811755A7F}
		{58644105-AABA-4AB2-B46E-3000058D8651} = {AC050BFD-1B18-4FC3-986B-DD8811755A7F}
		{146D1022-88C8-40D2-91F8-220DB0E2991E} = {384AF85E-BAE2-4C7C-8156-D169434A3C83}
		{9F5CB980-C0E7-40D2-9941-176C579176F0} = {384AF85E-BAE2-4C7C-8156-D169434A3C83}
		{E1A61341-2889-4323-8159-BA9EA2D7E1F3} = {690A5404-8596-42BF-A1D1-E5D7923EAE20}
		{C365570D-BAC9-440D-A3F7-21986A85026C} = {690A5404-8596-42BF-A1D1-E5D7923EAE20}
	EndGlobalSection
	GlobalSection(ExtensibilityGlobals) = postSolution
		SolutionGuid = {307A3854-1813-4094-892E-FD9E25495685}
	EndGlobalSection
EndGlobal
